{
    "_meta": {
        "hash": {
            "sha256": "53f4e21f512a3e5966dfea5ff7094518f38d9877504136a4c5a47fa0f5c6178d"
        },
        "pipfile-spec": 6,
        "requires": {
            "python_version": "3.7"
        },
        "sources": [
            {
                "name": "pypi",
                "url": "https://pypi.org/simple",
                "verify_ssl": true
            }
        ]
    },
    "default": {
        "django": {
            "hashes": [
                "sha256:4d23f61b26892bac785f07401bc38cbf8fa4cec993f400e9cd9ddf28fd51c0ea",
                "sha256:6e974d4b57e3b29e4882b244d40171d6a75202ab8d2402b8e8adbd182e25cf0c"
            ],
            "index": "pypi",
            "version": "==2.2.3"
        },
        "django-widget-tweaks": {
            "hashes": [
                "sha256:a31c8a2b88af98dba6471db4722a416d1c643c87efecf9a7f17f983a2a553632",
                "sha256:f9961162c8ed272162e22e5877d29c7780476970441dce605118ef66da685e71"
            ],
            "index": "pypi",
            "version": "==1.4.2"
        },
        "pytz": {
            "hashes": [
                "sha256:83a4a90894bf38e243cf052c8b58f381bfe9a7a483f6a9cab140bc7f702ac4da",
                "sha256:eb10ce3e7736052ed3623d49975ce333bcd712c7bb19a58b9e2089d4057d0798"
            ],
            "version": "==2021.1"
        },
        "selenium": {
            "hashes": [
                "sha256:c53d13a2627d835fee3d1d6291214c62196dfeb6f5f35572bacf31ac60c030c0",
                "sha256:f9ca21919b564a0a86012cd2177923e3a7f37c4a574207086e710192452a7c40"
            ],
            "index": "pypi",
            "version": "==3.14.0"
        },
        "sqlparse": {
            "hashes": [
                "sha256:017cde379adbd6a1f15a61873f43e8274179378e95ef3fede90b5aa64d304ed0",
                "sha256:0f91fd2e829c44362cbcfab3e9ae12e22badaa8a29ad5ff599f9ec109f0454e8"
            ],
            "version": "==0.4.1"
        },
        "urllib3": {
            "hashes": [
                "sha256:2f3db8b19923a873b3e5256dc9c2dedfa883e33d87c690d9c7913e1f40673cdc",
                "sha256:87716c2d2a7121198ebcb7ce7cccf6ce5e9ba539041cfbaeecfb641dc0bf6acc"
            ],
            "index": "pypi",
            "version": "==1.25.8"
        }
    },
    "develop": {}
}
